
Microsoft Visual Studio Solution File, Format Version 12.00
Project("{FAE04EC0-301F-11D3-BF4B-00C04F79EFBC}") = "KUSYS-Demo", "KUSYS-Demo\KUSYS-Demo.csproj", "{25AC5E24-C3D5-4534-8508-5CCDA6D842D3}"
EndProject
Project("{FAE04EC0-301F-11D3-BF4B-00C04F79EFBC}") = "KUSYS-Demo.Application", "KUSYS-Demo.Application\KUSYS-Demo.Application.csproj", "{F4F0BF49-F05B-4EAB-A3F8-FA045729409D}"
EndProject
Project("{FAE04EC0-301F-11D3-BF4B-00C04F79EFBC}") = "KUSYS-Demo.Infrasturcture", "KUSYS-Demo.Infrasturcture\KUSYS-Demo.Infrasturcture.csproj", "{6A1567A3-C2D4-4BBC-8A52-77CF0C8C262B}"
EndProject
Project("{FAE04EC0-301F-11D3-BF4B-00C04F79EFBC}") = "KUSYS-Demo.Domain", "KUSYS-Demo.Domain\KUSYS-Demo.Domain.csproj", "{B8FC84D6-DFD4-48B1-AF04-719E9DE7CE9F}"
EndProject
Global
	GlobalSection(SolutionConfigurationPlatforms) = preSolution
		Debug|Any CPU = Debug|Any CPU
		Release|Any CPU = Release|Any CPU
	EndGlobalSection
	GlobalSection(ProjectConfigurationPlatforms) = postSolution
		{25AC5E24-C3D5-4534-8508-5CCDA6D842D3}.Debug|Any CPU.ActiveCfg = Debug|Any CPU
		{25AC5E24-C3D5-4534-8508-5CCDA6D842D3}.Debug|Any CPU.Build.0 = Debug|Any CPU
		{25AC5E24-C3D5-4534-8508-5CCDA6D842D3}.Release|Any CPU.ActiveCfg = Release|Any CPU
		{25AC5E24-C3D5-4534-8508-5CCDA6D842D3}.Release|Any CPU.Build.0 = Release|Any CPU
		{F4F0BF49-F05B-4EAB-A3F8-FA045729409D}.Debug|Any CPU.ActiveCfg = Debug|Any CPU
		{F4F0BF49-F05B-4EAB-A3F8-FA045729409D}.Debug|Any CPU.Build.0 = Debug|Any CPU
		{F4F0BF49-F05B-4EAB-A3F8-FA045729409D}.Release|Any CPU.ActiveCfg = Release|Any CPU
		{F4F0BF49-F05B-4EAB-A3F8-FA045729409D}.Release|Any CPU.Build.0 = Release|Any CPU
		{6A1567A3-C2D4-4BBC-8A52-77CF0C8C262B}.Debug|Any CPU.ActiveCfg = Debug|Any CPU
		{6A1567A3-C2D4-4BBC-8A52-77CF0C8C262B}.Debug|Any CPU.Build.0 = Debug|Any CPU
		{6A1567A3-C2D4-4BBC-8A52-77CF0C8C262B}.Release|Any CPU.ActiveCfg = Release|Any CPU
		{6A1567A3-C2D4-4BBC-8A52-77CF0C8C262B}.Release|Any CPU.Build.0 = Release|Any CPU
		{B8FC84D6-DFD4-48B1-AF04-719E9DE7CE9F}.Debug|Any CPU.ActiveCfg = Debug|Any CPU
		{B8FC84D6-DFD4-48B1-AF04-719E9DE7CE9F}.Debug|Any CPU.Build.0 = Debug|Any CPU
		{B8FC84D6-DFD4-48B1-AF04-719E9DE7CE9F}.Release|Any CPU.ActiveCfg = Release|Any CPU
		{B8FC84D6-DFD4-48B1-AF04-719E9DE7CE9F}.Release|Any CPU.Build.0 = Release|Any CPU
	EndGlobalSection
EndGlobal
